
Microsoft Visual Studio Solution File, Format Version 12.00
# Visual Studio Version 17
VisualStudioVersion = 17.5.002.0
MinimumVisualStudioVersion = 10.0.40219.1
Project("{9A19103F-16F7-4668-BE54-9A1E7A4F7556}") = "ScaryWalkWebApp", "ScaryWalkWebApp.csproj", "{38E24788-46AA-433D-A7FE-EC1F97DC8945}"
EndProject
Global
	GlobalSection(SolutionConfigurationPlatforms) = preSolution
		Debug|Any CPU = Debug|Any CPU
		Release|Any CPU = Release|Any CPU
	EndGlobalSection
	GlobalSection(ProjectConfigurationPlatforms) = postSolution
		{38E24788-46AA-433D-A7FE-EC1F97DC8945}.Debug|Any CPU.ActiveCfg = Debug|Any CPU
		{38E24788-46AA-433D-A7FE-EC1F97DC8945}.Debug|Any CPU.Build.0 = Debug|Any CPU
		{38E24788-46AA-433D-A7FE-EC1F97DC8945}.Release|Any CPU.ActiveCfg = Release|Any CPU
		{38E24788-46AA-433D-A7FE-EC1F97DC8945}.Release|Any CPU.Build.0 = Release|Any CPU
	EndGlobalSection
	GlobalSection(SolutionProperties) = preSolution
		HideSolutionNode = FALSE
	EndGlobalSection
	GlobalSection(ExtensibilityGlobals) = postSolution
		SolutionGuid = {619EDE5E-0B11-4662-ABCE-4F1F9F5DD2DB}
	EndGlobalSection
EndGlobal
